<?xml version="1.0" encoding="utf-8"?>
<Project ToolsVersion="4.0" xmlns="http://schemas.microsoft.com/developer/msbuild/2003">
  <ItemGroup>
    <Filter Include="Source Files">
      <UniqueIdentifier>{4FC737F1-C7A5-4376-A066-2A32D752A2FF}</UniqueIdentifier>
      <Extensions>cpp;c;cc;cxx;def;odl;idl;hpj;bat;asm;asmx</Extensions>
    </Filter>
    <Filter Include="Header Files">
      <UniqueIdentifier>{93995380-89BD-4b04-88EB-625FBE52EBFB}</UniqueIdentifier>
      <Extensions>h;hh;hpp;hxx;hm;inl;inc;xsd</Extensions>
    </Filter>
    <Filter Include="Resource Files">
      <UniqueIdentifier>{67DA6AB6-F800-4c08-8B7A-83BB121AAD01}</UniqueIdentifier>
      <Extensions>rc;ico;cur;bmp;dlg;rc2;rct;bin;rgs;gif;jpg;jpeg;jpe;resx;tiff;tif;png;wav;mfcribbon-ms</Extensions>
    </Filter>
    <Filter Include="README">
      <UniqueIdentifier>{cf9a99ae-3248-470c-a4f1-bbd4e91e9a88}</UniqueIdentifier>
    </Filter>
    <Filter Include="Build Files">
      <UniqueIdentifier>{df1af5f1-5ae6-400e-afdc-7731dbf06af1}</UniqueIdentifier>
    </Filter>
    <Filter Include="Build Files\Post-Build">
      <UniqueIdentifier>{f227d054-22fd-444c-b148-8f6efb48b7c6}</UniqueIdentifier>
    </Filter>
    <Filter Include="Build Files\Property Sheets">
      <UniqueIdentifier>{a525e0c0-716c-4df5-ab3b-85d322b0b29c}</UniqueIdentifier>
    </Filter>
  </ItemGroup>
  <ItemGroup>
    <None Include="..\LICENSE">
      <Filter>README</Filter>
    </None>
    <None Include="..\README.md">
      <Filter>README</Filter>
    </None>
    <None Include="Celine.licenseheader" />
    <None Include="..\Build Files\Post-Build\ImportThirdPartyLibraries_Post.bat">
      <Filter>Build Files\Post-Build</Filter>
    </None>
    <None Include="..\Build Files\Property Sheets\Debug_Win32.props">
      <Filter>Build Files\Property Sheets</Filter>
    </None>
    <None Include="..\Build Files\Property Sheets\Debug_Win64.props">
      <Filter>Build Files\Property Sheets</Filter>
    </None>
    <None Include="..\Build Files\Property Sheets\Release_Win32.props">
      <Filter>Build Files\Property Sheets</Filter>
    </None>
    <None Include="..\Build Files\Property Sheets\Release_Win64.props">
      <Filter>Build Files\Property Sheets</Filter>
    </None>
    <None Include="SimpleShader.vertex.glsl">
      <Filter>Source Files</Filter>
    </None>
    <None Include="SimpleShader.fragment.glsl">
      <Filter>Source Files</Filter>
    </None>
  </ItemGroup>
  <ItemGroup>
    <ClCompile Include="main.c">
      <Filter>Source Files</Filter>
    </ClCompile>
    <ClCompile Include="Utils.c">
      <Filter>Source Files</Filter>
    </ClCompile>
  </ItemGroup>
  <ItemGroup>
    <ClInclude Include="Utils.h">
      <Filter>Source Files</Filter>
    </ClInclude>
  </ItemGroup>
</Project>